
Microsoft Visual Studio Solution File, Format Version 12.00
# Visual Studio Version 17
VisualStudioVersion = 17.0.31903.59
MinimumVisualStudioVersion = 10.0.40219.1
Project("{2150E333-8FDC-42A3-9474-1A3956D46DE8}") = "src", "src", "{2AA51394-7947-48DD-9F3C-EAF7562E9713}"
EndProject
Project("{FAE04EC0-301F-11D3-BF4B-00C04F79EFBC}") = "LogSystem.Core", "src\LogSystem.Core\LogSystem.Core.csproj", "{680BFE2F-080A-4313-B2EA-3E9E62D50B83}"
EndProject
Project("{FAE04EC0-301F-11D3-BF4B-00C04F79EFBC}") = "LogSystem.WebApp", "src\LogSystem.WebApp\LogSystem.WebApp.csproj", "{0DDC85B5-BDD9-42EF-AA4D-16FAC859EC13}"
EndProject
Global
	GlobalSection(SolutionConfigurationPlatforms) = preSolution
		Debug|Any CPU = Debug|Any CPU
		Release|Any CPU = Release|Any CPU
	EndGlobalSection
	GlobalSection(SolutionProperties) = preSolution
		HideSolutionNode = FALSE
	EndGlobalSection
	GlobalSection(ProjectConfigurationPlatforms) = postSolution
		{680BFE2F-080A-4313-B2EA-3E9E62D50B83}.Debug|Any CPU.ActiveCfg = Debug|Any CPU
		{680BFE2F-080A-4313-B2EA-3E9E62D50B83}.Debug|Any CPU.Build.0 = Debug|Any CPU
		{680BFE2F-080A-4313-B2EA-3E9E62D50B83}.Release|Any CPU.ActiveCfg = Release|Any CPU
		{680BFE2F-080A-4313-B2EA-3E9E62D50B83}.Release|Any CPU.Build.0 = Release|Any CPU
		{0DDC85B5-BDD9-42EF-AA4D-16FAC859EC13}.Debug|Any CPU.ActiveCfg = Debug|Any CPU
		{0DDC85B5-BDD9-42EF-AA4D-16FAC859EC13}.Debug|Any CPU.Build.0 = Debug|Any CPU
		{0DDC85B5-BDD9-42EF-AA4D-16FAC859EC13}.Release|Any CPU.ActiveCfg = Release|Any CPU
		{0DDC85B5-BDD9-42EF-AA4D-16FAC859EC13}.Release|Any CPU.Build.0 = Release|Any CPU
	EndGlobalSection
	GlobalSection(NestedProjects) = preSolution
		{680BFE2F-080A-4313-B2EA-3E9E62D50B83} = {2AA51394-7947-48DD-9F3C-EAF7562E9713}
		{0DDC85B5-BDD9-42EF-AA4D-16FAC859EC13} = {2AA51394-7947-48DD-9F3C-EAF7562E9713}
	EndGlobalSection
EndGlobal
